
Microsoft Visual Studio Solution File, Format Version 12.00
# Visual Studio Version 16
VisualStudioVersion = 16.0.30002.166
MinimumVisualStudioVersion = 10.0.40219.1
Project("{FAE04EC0-301F-11D3-BF4B-00C04F79EFBC}") = "HelloWorldWinform", "HelloWorldWinform\HelloWorldWinform.csproj", "{E1DD250F-E080-4759-8C80-926ABF89B66A}"
EndProject
Global
	GlobalSection(SolutionConfigurationPlatforms) = preSolution
		Debug|Any CPU = Debug|Any CPU
		Release|Any CPU = Release|Any CPU
	EndGlobalSection
	GlobalSection(ProjectConfigurationPlatforms) = postSolution
		{E1DD250F-E080-4759-8C80-926ABF89B66A}.Debug|Any CPU.ActiveCfg = Debug|Any CPU
		{E1DD250F-E080-4759-8C80-926ABF89B66A}.Debug|Any CPU.Build.0 = Debug|Any CPU
		{E1DD250F-E080-4759-8C80-926ABF89B66A}.Release|Any CPU.ActiveCfg = Release|Any CPU
		{E1DD250F-E080-4759-8C80-926ABF89B66A}.Release|Any CPU.Build.0 = Release|Any CPU
	EndGlobalSection
	GlobalSection(SolutionProperties) = preSolution
		HideSolutionNode = FALSE
	EndGlobalSection
	GlobalSection(ExtensibilityGlobals) = postSolution
		SolutionGuid = {B82D9AEB-441F-447C-9959-4BF8C3B19F76}
	EndGlobalSection
EndGlobal
